// !$*UTF8*$!
{
	archiveVersion = 1;
	classes = {
	};
	objectVersion = 50;
	objects = {

/* Begin PBXBuildFile section */
		7924DC1925FA7E4E008C8A56 /* Assignment_NotebookApp.swift in Sources */ = {isa = PBXBuildFile; fileRef = 7924DC1825FA7E4E008C8A56 /* Assignment_NotebookApp.swift */; };
		7924DC1B25FA7E4E008C8A56 /* ContentView.swift in Sources */ = {isa = PBXBuildFile; fileRef = 7924DC1A25FA7E4E008C8A56 /* ContentView.swift */; };
		7924DC1D25FA7E4F008C8A56 /* Assets.xcassets in Resources */ = {isa = PBXBuildFile; fileRef = 7924DC1C25FA7E4F008C8A56 /* Assets.xcassets */; };
		7924DC2025FA7E4F008C8A56 /* Preview Assets.xcassets in Resources */ = {isa = PBXBuildFile; fileRef = 7924DC1F25FA7E4F008C8A56 /* Preview Assets.xcassets */; };
		7924DC2B25FA7E50008C8A56 /* Assignment_NotebookTests.swift in Sources */ = {isa = PBXBuildFile; fileRef = 7924DC2A25FA7E50008C8A56 /* Assignment_NotebookTests.swift */; };
		7924DC3625FA7E50008C8A56 /* Assignment_NotebookUITests.swift in Sources */ = {isa = PBXBuildFile; fileRef = 7924DC3525FA7E50008C8A56 /* Assignment_NotebookUITests.swift */; };
		7924DC4725FA7E7F008C8A56 /* AssignmentList.swift in Sources */ = {isa = PBXBuildFile; fileRef = 7924DC4625FA7E7F008C8A56 /* AssignmentList.swift */; };
		7924DC4C25FA7E9F008C8A56 /* AddView.swift in Sources */ = {isa = PBXBuildFile; fileRef = 7924DC4B25FA7E9F008C8A56 /* AddView.swift */; };
/* End PBXBuildFile section */

/* Begin PBXContainerItemProxy section */
		7924DC2725FA7E50008C8A56 /* PBXContainerItemProxy */ = {
			isa = PBXContainerItemProxy;
			containerPortal = 7924DC0D25FA7E4E008C8A56 /* Project object */;
			proxyType = 1;
			remoteGlobalIDString = 7924DC1425FA7E4E008C8A56;
			remoteInfo = "Assignment Notebook";
		};
		7924DC3225FA7E50008C8A56 /* PBXContainerItemProxy */ = {
			isa = PBXContainerItemProxy;
			containerPortal = 7924DC0D25FA7E4E008C8A56 /* Project object */;
			proxyType = 1;
			remoteGlobalIDString = 7924DC1425FA7E4E008C8A56;
			remoteInfo = "Assignment Notebook";
		};
/* End PBXContainerItemProxy section */

/* Begin PBXFileReference section */
		7924DC1525FA7E4E008C8A56 /* Assignment Notebook.app */ = {isa = PBXFileReference; explicitFileType = wrapper.application; includeInIndex = 0; path = "Assignment Notebook.app"; sourceTree = BUILT_PRODUCTS_DIR; };
		7924DC1825FA7E4E008C8A56 /* Assignment_NotebookApp.swift */ = {isa = PBXFileReference; lastKnownFileType = sourcecode.swift; path = Assignment_NotebookApp.swift; sourceTree = "<group>"; };
		7924DC1A25FA7E4E008C8A56 /* ContentView.swift */ = {isa = PBXFileReference; lastKnownFileType = sourcecode.swift; path = ContentView.swift; sourceTree = "<group>"; };
		7924DC1C25FA7E4F008C8A56 /* Assets.xcassets */ = {isa = PBXFileReference; lastKnownFileType = folder.assetcatalog; path = Assets.xcassets; sourceTree = "<group>"; };
		7924DC1F25FA7E4F008C8A56 /* Preview Assets.xcassets */ = {isa = PBXFileReference; lastKnownFileType = folder.assetcatalog; path = "Preview Assets.xcassets"; sourceTree = "<group>"; };
		7924DC2125FA7E4F008C8A56 /* Info.plist */ = {isa = PBXFileReference; lastKnownFileType = text.plist.xml; path = Info.plist; sourceTree = "<group>"; };
		7924DC2625FA7E50008C8A56 /* Assignment NotebookTests.xctest */ = {isa = PBXFileReference; explicitFileType = wrapper.cfbundle; includeInIndex = 0; path = "Assignment NotebookTests.xctest"; sourceTree = BUILT_PRODUCTS_DIR; };
		7924DC2A25FA7E50008C8A56 /* Assignment_NotebookTests.swift */ = {isa = PBXFileReference; lastKnownFileType = sourcecode.swift; path = Assignment_NotebookTests.swift; sourceTree = "<group>"; };
		7924DC2C25FA7E50008C8A56 /* Info.plist */ = {isa = PBXFileReference; lastKnownFileType = text.plist.xml; path = Info.plist; sourceTree = "<group>"; };
		7924DC3125FA7E50008C8A56 /* Assignment NotebookUITests.xctest */ = {isa = PBXFileReference; explicitFileType = wrapper.cfbundle; includeInIndex = 0; path = "Assignment NotebookUITests.xctest"; sourceTree = BUILT_PRODUCTS_DIR; };
		7924DC3525FA7E50008C8A56 /* Assignment_NotebookUITests.swift */ = {isa = PBXFileReference; lastKnownFileType = sourcecode.swift; path = Assignment_NotebookUITests.swift; sourceTree = "<group>"; };
		7924DC3725FA7E50008C8A56 /* Info.plist */ = {isa = PBXFileReference; lastKnownFileType = text.plist.xml; path = Info.plist; sourceTree = "<group>"; };
		7924DC4625FA7E7F008C8A56 /* AssignmentList.swift */ = {isa = PBXFileReference; lastKnownFileType = sourcecode.swift; path = AssignmentList.swift; sourceTree = "<group>"; };
		7924DC4B25FA7E9F008C8A56 /* AddView.swift */ = {isa = PBXFileReference; lastKnownFileType = sourcecode.swift; path = AddView.swift; sourceTree = "<group>"; };
/* End PBXFileReference section */

/* Begin PBXFrameworksBuildPhase section */
		7924DC1225FA7E4E008C8A56 /* Frameworks */ = {
			isa = PBXFrameworksBuildPhase;
			buildActionMask = 2147483647;
			files = (
			);
			runOnlyForDeploymentPostprocessing = 0;
		};
		7924DC2325FA7E50008C8A56 /* Frameworks */ = {
			isa = PBXFrameworksBuildPhase;
			buildActionMask = 2147483647;
			files = (
			);
			runOnlyForDeploymentPostprocessing = 0;
		};
		7924DC2E25FA7E50008C8A56 /* Frameworks */ = {
			isa = PBXFrameworksBuildPhase;
			buildActionMask = 2147483647;
			files = (
			);
			runOnlyForDeploymentPostprocessing = 0;
		};
/* End PBXFrameworksBuildPhase section */

/* Begin PBXGroup section */
		7924DC0C25FA7E4E008C8A56 = {
			isa = PBXGroup;
			children = (
				7924DC1725FA7E4E008C8A56 /* Assignment Notebook */,
				7924DC2925FA7E50008C8A56 /* Assignment NotebookTests */,
				7924DC3425FA7E50008C8A56 /* Assignment NotebookUITests */,
				7924DC1625FA7E4E008C8A56 /* Products */,
			);
			sourceTree = "<group>";
		};
		7924DC1625FA7E4E008C8A56 /* Products */ = {
			isa = PBXGroup;
			children = (
				7924DC1525FA7E4E008C8A56 /* Assignment Notebook.app */,
				7924DC2625FA7E50008C8A56 /* Assignment NotebookTests.xctest */,
				7924DC3125FA7E50008C8A56 /* Assignment NotebookUITests.xctest */,
			);
			name = Products;
			sourceTree = "<group>";
		};
		7924DC1725FA7E4E008C8A56 /* Assignment Notebook */ = {
			isa = PBXGroup;
			children = (
				7924DC1825FA7E4E008C8A56 /* Assignment_NotebookApp.swift */,
				7924DC1A25FA7E4E008C8A56 /* ContentView.swift */,
				7924DC4625FA7E7F008C8A56 /* AssignmentList.swift */,
				7924DC4B25FA7E9F008C8A56 /* AddView.swift */,
				7924DC1C25FA7E4F008C8A56 /* Assets.xcassets */,
				7924DC2125FA7E4F008C8A56 /* Info.plist */,
				7924DC1E25FA7E4F008C8A56 /* Preview Content */,
			);
			path = "Assignment Notebook";
			sourceTree = "<group>";
		};
		7924DC1E25FA7E4F008C8A56 /* Preview Content */ = {
			isa = PBXGroup;
			children = (
				7924DC1F25FA7E4F008C8A56 /* Preview Assets.xcassets */,
			);
			path = "Preview Content";
			sourceTree = "<group>";
		};
		7924DC2925FA7E50008C8A56 /* Assignment NotebookTests */ = {
			isa = PBXGroup;
			children = (
				7924DC2A25FA7E50008C8A56 /* Assignment_NotebookTests.swift */,
				7924DC2C25FA7E50008C8A56 /* Info.plist */,
			);
			path = "Assignment NotebookTests";
			sourceTree = "<group>";
		};
		7924DC3425FA7E50008C8A56 /* Assignment NotebookUITests */ = {
			isa = PBXGroup;
			children = (
				7924DC3525FA7E50008C8A56 /* Assignment_NotebookUITests.swift */,
				7924DC3725FA7E50008C8A56 /* Info.plist */,
			);
			path = "Assignment NotebookUITests";
			sourceTree = "<group>";
		};
/* End PBXGroup section */

/* Begin PBXNativeTarget section */
		7924DC1425FA7E4E008C8A56 /* Assignment Notebook */ = {
			isa = PBXNativeTarget;
			buildConfigurationList = 7924DC3A25FA7E50008C8A56 /* Build configuration list for PBXNativeTarget "Assignment Notebook" */;
			buildPhases = (
				7924DC1125FA7E4E008C8A56 /* Sources */,
				7924DC1225FA7E4E008C8A56 /* Frameworks */,
				7924DC1325FA7E4E008C8A56 /* Resources */,
			);
			buildRules = (
			);
			dependencies = (
			);
			name = "Assignment Notebook";
			productName = "Assignment Notebook";
			productReference = 7924DC1525FA7E4E008C8A56 /* Assignment Notebook.app */;
			productType = "com.apple.product-type.application";
		};
		7924DC2525FA7E50008C8A56 /* Assignment NotebookTests */ = {
			isa = PBXNativeTarget;
			buildConfigurationList = 7924DC3D25FA7E50008C8A56 /* Build configuration list for PBXNativeTarget "Assignment NotebookTests" */;
			buildPhases = (
				7924DC2225FA7E50008C8A56 /* Sources */,
				7924DC2325FA7E50008C8A56 /* Frameworks */,
				7924DC2425FA7E50008C8A56 /* Resources */,
			);
			buildRules = (
			);
			dependencies = (
				7924DC2825FA7E50008C8A56 /* PBXTargetDependency */,
			);
			name = "Assignment NotebookTests";
			productName = "Assignment NotebookTests";
			productReference = 7924DC2625FA7E50008C8A56 /* Assignment NotebookTests.xctest */;
			productType = "com.apple.product-type.bundle.unit-test";
		};
		7924DC3025FA7E50008C8A56 /* Assignment NotebookUITests */ = {
			isa = PBXNativeTarget;
			buildConfigurationList = 7924DC4025FA7E50008C8A56 /* Build configuration list for PBXNativeTarget "Assignment NotebookUITests" */;
			buildPhases = (
				7924DC2D25FA7E50008C8A56 /* Sources */,
				7924DC2E25FA7E50008C8A56 /* Frameworks */,
				7924DC2F25FA7E50008C8A56 /* Resources */,
			);
			buildRules = (
			);
			dependencies = (
				7924DC3325FA7E50008C8A56 /* PBXTargetDependency */,
			);
			name = "Assignment NotebookUITests";
			productName = "Assignment NotebookUITests";
			productReference = 7924DC3125FA7E50008C8A56 /* Assignment NotebookUITests.xctest */;
			productType = "com.apple.product-type.bundle.ui-testing";
		};
/* End PBXNativeTarget section */

/* Begin PBXProject section */
		7924DC0D25FA7E4E008C8A56 /* Project object */ = {
			isa = PBXProject;
			attributes = {
				LastSwiftUpdateCheck = 1240;
				LastUpgradeCheck = 1240;
				TargetAttributes = {
					7924DC1425FA7E4E008C8A56 = {
						CreatedOnToolsVersion = 12.4;
					};
					7924DC2525FA7E50008C8A56 = {
						CreatedOnToolsVersion = 12.4;
						TestTargetID = 7924DC1425FA7E4E008C8A56;
					};
					7924DC3025FA7E50008C8A56 = {
						CreatedOnToolsVersion = 12.4;
						TestTargetID = 7924DC1425FA7E4E008C8A56;
					};
				};
			};
			buildConfigurationList = 7924DC1025FA7E4E008C8A56 /* Build configuration list for PBXProject "Assignment Notebook" */;
			compatibilityVersion = "Xcode 9.3";
			developmentRegion = en;
			hasScannedForEncodings = 0;
			knownRegions = (
				en,
				Base,
			);
			mainGroup = 7924DC0C25FA7E4E008C8A56;
			productRefGroup = 7924DC1625FA7E4E008C8A56 /* Products */;
			projectDirPath = "";
			projectRoot = "";
			targets = (
				7924DC1425FA7E4E008C8A56 /* Assignment Notebook */,
				7924DC2525FA7E50008C8A56 /* Assignment NotebookTests */,
				7924DC3025FA7E50008C8A56 /* Assignment NotebookUITests */,
			);
		};
/* End PBXProject section */

/* Begin PBXResourcesBuildPhase section */
		7924DC1325FA7E4E008C8A56 /* Resources */ = {
			isa = PBXResourcesBuildPhase;
			buildActionMask = 2147483647;
			files = (
				7924DC2025FA7E4F008C8A56 /* Preview Assets.xcassets in Resources */,
				7924DC1D25FA7E4F008C8A56 /* Assets.xcassets in Resources */,
			);
			runOnlyForDeploymentPostprocessing = 0;
		};
		7924DC2425FA7E50008C8A56 /* Resources */ = {
			isa = PBXResourcesBuildPhase;
			buildActionMask = 2147483647;
			files = (
			);
			runOnlyForDeploymentPostprocessing = 0;
		};
		7924DC2F25FA7E50008C8A56 /* Resources */ = {
			isa = PBXResourcesBuildPhase;
			buildActionMask = 2147483647;
			files = (
			);
			runOnlyForDeploymentPostprocessing = 0;
		};
/* End PBXResourcesBuildPhase section */

/* Begin PBXSourcesBuildPhase section */
		7924DC1125FA7E4E008C8A56 /* Sources */ = {
			isa = PBXSourcesBuildPhase;
			buildActionMask = 2147483647;
			files = (
				7924DC4C25FA7E9F008C8A56 /* AddView.swift in Sources */,
				7924DC4725FA7E7F008C8A56 /* AssignmentList.swift in Sources */,
				7924DC1B25FA7E4E008C8A56 /* ContentView.swift in Sources */,
				7924DC1925FA7E4E008C8A56 /* Assignment_NotebookApp.swift in Sources */,
			);
			runOnlyForDeploymentPostprocessing = 0;
		};
		7924DC2225FA7E50008C8A56 /* Sources */ = {
			isa = PBXSourcesBuildPhase;
			buildActionMask = 2147483647;
			files = (
				7924DC2B25FA7E50008C8A56 /* Assignment_NotebookTests.swift in Sources */,
			);
			runOnlyForDeploymentPostprocessing = 0;
		};
		7924DC2D25FA7E50008C8A56 /* Sources */ = {
			isa = PBXSourcesBuildPhase;
			buildActionMask = 2147483647;
			files = (
				7924DC3625FA7E50008C8A56 /* Assignment_NotebookUITests.swift in Sources */,
			);
			runOnlyForDeploymentPostprocessing = 0;
		};
/* End PBXSourcesBuildPhase section */

/* Begin PBXTargetDependency section */
		7924DC2825FA7E50008C8A56 /* PBXTargetDependency */ = {
			isa = PBXTargetDependency;
			target = 7924DC1425FA7E4E008C8A56 /* Assignment Notebook */;
			targetProxy = 7924DC2725FA7E50008C8A56 /* PBXContainerItemProxy */;
		};
		7924DC3325FA7E50008C8A56 /* PBXTargetDependency */ = {
			isa = PBXTargetDependency;
			target = 7924DC1425FA7E4E008C8A56 /* Assignment Notebook */;
			targetProxy = 7924DC3225FA7E50008C8A56 /* PBXContainerItemProxy */;
		};
/* End PBXTargetDependency section */

/* Begin XCBuildConfiguration section */
		7924DC3825FA7E50008C8A56 /* Debug */ = {
			isa = XCBuildConfiguration;
			buildSettings = {
				ALWAYS_SEARCH_USER_PATHS = NO;
				CLANG_ANALYZER_NONNULL = YES;
				CLANG_ANALYZER_NUMBER_OBJECT_CONVERSION = YES_AGGRESSIVE;
				CLANG_CXX_LANGUAGE_STANDARD = "gnu++14";
				CLANG_CXX_LIBRARY = "libc++";
				CLANG_ENABLE_MODULES = YES;
				CLANG_ENABLE_OBJC_ARC = YES;
				CLANG_ENABLE_OBJC_WEAK = YES;
				CLANG_WARN_BLOCK_CAPTURE_AUTORELEASING = YES;
				CLANG_WARN_BOOL_CONVERSION = YES;
				CLANG_WARN_COMMA = YES;
				CLANG_WARN_CONSTANT_CONVERSION = YES;
				CLANG_WARN_DEPRECATED_OBJC_IMPLEMENTATIONS = YES;
				CLANG_WARN_DIRECT_OBJC_ISA_USAGE = YES_ERROR;
				CLANG_WARN_DOCUMENTATION_COMMENTS = YES;
				CLANG_WARN_EMPTY_BODY = YES;
				CLANG_WARN_ENUM_CONVERSION = YES;
				CLANG_WARN_INFINITE_RECURSION = YES;
				CLANG_WARN_INT_CONVERSION = YES;
				CLANG_WARN_NON_LITERAL_NULL_CONVERSION = YES;
				CLANG_WARN_OBJC_IMPLICIT_RETAIN_SELF = YES;
				CLANG_WARN_OBJC_LITERAL_CONVERSION = YES;
				CLANG_WARN_OBJC_ROOT_CLASS = YES_ERROR;
				CLANG_WARN_QUOTED_INCLUDE_IN_FRAMEWORK_HEADER = YES;
				CLANG_WARN_RANGE_LOOP_ANALYSIS = YES;
				CLANG_WARN_STRICT_PROTOTYPES = YES;
				CLANG_WARN_SUSPICIOUS_MOVE = YES;
				CLANG_WARN_UNGUARDED_AVAILABILITY = YES_AGGRESSIVE;
				CLANG_WARN_UNREACHABLE_CODE = YES;
				CLANG_WARN__DUPLICATE_METHOD_MATCH = YES;
				COPY_PHASE_STRIP = NO;
				DEBUG_INFORMATION_FORMAT = dwarf;
				ENABLE_STRICT_OBJC_MSGSEND = YES;
				ENABLE_TESTABILITY = YES;
				GCC_C_LANGUAGE_STANDARD = gnu11;
				GCC_DYNAMIC_NO_PIC = NO;
				GCC_NO_COMMON_BLOCKS = YES;
				GCC_OPTIMIZATION_LEVEL = 0;
				GCC_PREPROCESSOR_DEFINITIONS = (
					"DEBUG=1",
					"$(inherited)",
				);
				GCC_WARN_64_TO_32_BIT_CONVERSION = YES;
				GCC_WARN_ABOUT_RETURN_TYPE = YES_ERROR;
				GCC_WARN_UNDECLARED_SELECTOR = YES;
				GCC_WARN_UNINITIALIZED_AUTOS = YES_AGGRESSIVE;
				GCC_WARN_UNUSED_FUNCTION = YES;
				GCC_WARN_UNUSED_VARIABLE = YES;
				IPHONEOS_DEPLOYMENT_TARGET = 14.4;
				MTL_ENABLE_DEBUG_INFO = INCLUDE_SOURCE;
				MTL_FAST_MATH = YES;
				ONLY_ACTIVE_ARCH = YES;
				SDKROOT = iphoneos;
				SWIFT_ACTIVE_COMPILATION_CONDITIONS = DEBUG;
				SWIFT_OPTIMIZATION_LEVEL = "-Onone";
			};
			name = Debug;
		};
		7924DC3925FA7E50008C8A56 /* Release */ = {
			isa = XCBuildConfiguration;
			buildSettings = {
				ALWAYS_SEARCH_USER_PATHS = NO;
				CLANG_ANALYZER_NONNULL = YES;
				CLANG_ANALYZER_NUMBER_OBJECT_CONVERSION = YES_AGGRESSIVE;
				CLANG_CXX_LANGUAGE_STANDARD = "gnu++14";
				CLANG_CXX_LIBRARY = "libc++";
				CLANG_ENABLE_MODULES = YES;
				CLANG_ENABLE_OBJC_ARC = YES;
				CLANG_ENABLE_OBJC_WEAK = YES;
				CLANG_WARN_BLOCK_CAPTURE_AUTORELEASING = YES;
				CLANG_WARN_BOOL_CONVERSION = YES;
				CLANG_WARN_COMMA = YES;
				CLANG_WARN_CONSTANT_CONVERSION = YES;
				CLANG_WARN_DEPRECATED_OBJC_IMPLEMENTATIONS = YES;
				CLANG_WARN_DIRECT_OBJC_ISA_USAGE = YES_ERROR;
				CLANG_WARN_DOCUMENTATION_COMMENTS = YES;
				CLANG_WARN_EMPTY_BODY = YES;
				CLANG_WARN_ENUM_CONVERSION = YES;
				CLANG_WARN_INFINITE_RECURSION = YES;
				CLANG_WARN_INT_CONVERSION = YES;
				CLANG_WARN_NON_LITERAL_NULL_CONVERSION = YES;
				CLANG_WARN_OBJC_IMPLICIT_RETAIN_SELF = YES;
				CLANG_WARN_OBJC_LITERAL_CONVERSION = YES;
				CLANG_WARN_OBJC_ROOT_CLASS = YES_ERROR;
				CLANG_WARN_QUOTED_INCLUDE_IN_FRAMEWORK_HEADER = YES;
				CLANG_WARN_RANGE_LOOP_ANALYSIS = YES;
				CLANG_WARN_STRICT_PROTOTYPES = YES;
				CLANG_WARN_SUSPICIOUS_MOVE = YES;
				CLANG_WARN_UNGUARDED_AVAILABILITY = YES_AGGRESSIVE;
				CLANG_WARN_UNREACHABLE_CODE = YES;
				CLANG_WARN__DUPLICATE_METHOD_MATCH = YES;
				COPY_PHASE_STRIP = NO;
				DEBUG_INFORMATION_FORMAT = "dwarf-with-dsym";
				ENABLE_NS_ASSERTIONS = NO;
				ENABLE_STRICT_OBJC_MSGSEND = YES;
				GCC_C_LANGUAGE_STANDARD = gnu11;
				GCC_NO_COMMON_BLOCKS = YES;
				GCC_WARN_64_TO_32_BIT_CONVERSION = YES;
				GCC_WARN_ABOUT_RETURN_TYPE = YES_ERROR;
				GCC_WARN_UNDECLARED_SELECTOR = YES;
				GCC_WARN_UNINITIALIZED_AUTOS = YES_AGGRESSIVE;
				GCC_WARN_UNUSED_FUNCTION = YES;
				GCC_WARN_UNUSED_VARIABLE = YES;
				IPHONEOS_DEPLOYMENT_TARGET = 14.4;
				MTL_ENABLE_DEBUG_INFO = NO;
				MTL_FAST_MATH = YES;
				SDKROOT = iphoneos;
				SWIFT_COMPILATION_MODE = wholemodule;
				SWIFT_OPTIMIZATION_LEVEL = "-O";
				VALIDATE_PRODUCT = YES;
			};
			name = Release;
		};
		7924DC3B25FA7E50008C8A56 /* Debug */ = {
			isa = XCBuildConfiguration;
			buildSettings = {
				ASSETCATALOG_COMPILER_APPICON_NAME = AppIcon;
				ASSETCATALOG_COMPILER_GLOBAL_ACCENT_COLOR_NAME = AccentColor;
				CODE_SIGN_STYLE = Automatic;
				DEVELOPMENT_ASSET_PATHS = "\"Assignment Notebook/Preview Content\"";
				ENABLE_PREVIEWS = YES;
				INFOPLIST_FILE = "Assignment Notebook/Info.plist";
				IPHONEOS_DEPLOYMENT_TARGET = 14.0;
				LD_RUNPATH_SEARCH_PATHS = (
					"$(inherited)",
					"@executable_path/Frameworks",
				);
				PRODUCT_BUNDLE_IDENTIFIER = "kevinrosas.Assignment-Notebook";
				PRODUCT_NAME = "$(TARGET_NAME)";
				SWIFT_VERSION = 5.0;
				TARGETED_DEVICE_FAMILY = "1,2";
			};
			name = Debug;
		};
		7924DC3C25FA7E50008C8A56 /* Release */ = {
			isa = XCBuildConfiguration;
			buildSettings = {
				ASSETCATALOG_COMPILER_APPICON_NAME = AppIcon;
				ASSETCATALOG_COMPILER_GLOBAL_ACCENT_COLOR_NAME = AccentColor;
				CODE_SIGN_STYLE = Automatic;
				DEVELOPMENT_ASSET_PATHS = "\"Assignment Notebook/Preview Content\"";
				ENABLE_PREVIEWS = YES;
				INFOPLIST_FILE = "Assignment Notebook/Info.plist";
				IPHONEOS_DEPLOYMENT_TARGET = 14.0;
				LD_RUNPATH_SEARCH_PATHS = (
					"$(inherited)",
					"@executable_path/Frameworks",
				);
				PRODUCT_BUNDLE_IDENTIFIER = "kevinrosas.Assignment-Notebook";
				PRODUCT_NAME = "$(TARGET_NAME)";
				SWIFT_VERSION = 5.0;
				TARGETED_DEVICE_FAMILY = "1,2";
			};
			name = Release;
		};
		7924DC3E25FA7E50008C8A56 /* Debug */ = {
			isa = XCBuildConfiguration;
			buildSettings = {
				ALWAYS_EMBED_SWIFT_STANDARD_LIBRARIES = YES;
				BUNDLE_LOADER = "$(TEST_HOST)";
				CODE_SIGN_STYLE = Automatic;
				INFOPLIST_FILE = "Assignment NotebookTests/Info.plist";
				IPHONEOS_DEPLOYMENT_TARGET = 14.0;
				LD_RUNPATH_SEARCH_PATHS = (
					"$(inherited)",
					"@executable_path/Frameworks",
					"@loader_path/Frameworks",
				);
				PRODUCT_BUNDLE_IDENTIFIER = "kevinrosas.Assignment-NotebookTests";
				PRODUCT_NAME = "$(TARGET_NAME)";
				SWIFT_VERSION = 5.0;
				TARGETED_DEVICE_FAMILY = "1,2";
				TEST_HOST = "$(BUILT_PRODUCTS_DIR)/Assignment Notebook.app/Assignment Notebook";
			};
			name = Debug;
		};
		7924DC3F25FA7E50008C8A56 /* Release */ = {
			isa = XCBuildConfiguration;
			buildSettings = {
				ALWAYS_EMBED_SWIFT_STANDARD_LIBRARIES = YES;
				BUNDLE_LOADER = "$(TEST_HOST)";
				CODE_SIGN_STYLE = Automatic;
				INFOPLIST_FILE = "Assignment NotebookTests/Info.plist";
				IPHONEOS_DEPLOYMENT_TARGET = 14.0;
				LD_RUNPATH_SEARCH_PATHS = (
					"$(inherited)",
					"@executable_path/Frameworks",
					"@loader_path/Frameworks",
				);
				PRODUCT_BUNDLE_IDENTIFIER = "kevinrosas.Assignment-NotebookTests";
				PRODUCT_NAME = "$(TARGET_NAME)";
				SWIFT_VERSION = 5.0;
				TARGETED_DEVICE_FAMILY = "1,2";
				TEST_HOST = "$(BUILT_PRODUCTS_DIR)/Assignment Notebook.app/Assignment Notebook";
			};
			name = Release;
		};
		7924DC4125FA7E50008C8A56 /* Debug */ = {
			isa = XCBuildConfiguration;
			buildSettings = {
				ALWAYS_EMBED_SWIFT_STANDARD_LIBRARIES = YES;
				CODE_SIGN_STYLE = Automatic;
				INFOPLIST_FILE = "Assignment NotebookUITests/Info.plist";
				LD_RUNPATH_SEARCH_PATHS = (
					"$(inherited)",
					"@executable_path/Frameworks",
					"@loader_path/Frameworks",
				);
				PRODUCT_BUNDLE_IDENTIFIER = "kevinrosas.Assignment-NotebookUITests";
				PRODUCT_NAME = "$(TARGET_NAME)";
				SWIFT_VERSION = 5.0;
				TARGETED_DEVICE_FAMILY = "1,2";
				TEST_TARGET_NAME = "Assignment Notebook";
			};
			name = Debug;
		};
		7924DC4225FA7E50008C8A56 /* Release */ = {
			isa = XCBuildConfiguration;
			buildSettings = {
				ALWAYS_EMBED_SWIFT_STANDARD_LIBRARIES = YES;
				CODE_SIGN_STYLE = Automatic;
				INFOPLIST_FILE = "Assignment NotebookUITests/Info.plist";
				LD_RUNPATH_SEARCH_PATHS = (
					"$(inherited)",
					"@executable_path/Frameworks",
					"@loader_path/Frameworks",
				);
				PRODUCT_BUNDLE_IDENTIFIER = "kevinrosas.Assignment-NotebookUITests";
				PRODUCT_NAME = "$(TARGET_NAME)";
				SWIFT_VERSION = 5.0;
				TARGETED_DEVICE_FAMILY = "1,2";
				TEST_TARGET_NAME = "Assignment Notebook";
			};
			name = Release;
		};
/* End XCBuildConfiguration section */

/* Begin XCConfigurationList section */
		7924DC1025FA7E4E008C8A56 /* Build configuration list for PBXProject "Assignment Notebook" */ = {
			isa = XCConfigurationList;
			buildConfigurations = (
				7924DC3825FA7E50008C8A56 /* Debug */,
				7924DC3925FA7E50008C8A56 /* Release */,
			);
			defaultConfigurationIsVisible = 0;
			defaultConfigurationName = Release;
		};
		7924DC3A25FA7E50008C8A56 /* Build configuration list for PBXNativeTarget "Assignment Notebook" */ = {
			isa = XCConfigurationList;
			buildConfigurations = (
				7924DC3B25FA7E50008C8A56 /* Debug */,
				7924DC3C25FA7E50008C8A56 /* Release */,
			);
			defaultConfigurationIsVisible = 0;
			defaultConfigurationName = Release;
		};
		7924DC3D25FA7E50008C8A56 /* Build configuration list for PBXNativeTarget "Assignment NotebookTests" */ = {
			isa = XCConfigurationList;
			buildConfigurations = (
				7924DC3E25FA7E50008C8A56 /* Debug */,
				7924DC3F25FA7E50008C8A56 /* Release */,
			);
			defaultConfigurationIsVisible = 0;
			defaultConfigurationName = Release;
		};
		7924DC4025FA7E50008C8A56 /* Build configuration list for PBXNativeTarget "Assignment NotebookUITests" */ = {
			isa = XCConfigurationList;
			buildConfigurations = (
				7924DC4125FA7E50008C8A56 /* Debug */,
				7924DC4225FA7E50008C8A56 /* Release */,
			);
			defaultConfigurationIsVisible = 0;
			defaultConfigurationName = Release;
		};
/* End XCConfigurationList section */
	};
	rootObject = 7924DC0D25FA7E4E008C8A56 /* Project object */;
}
